Microsoft Visual Studio Solution File, Format Version 11.00
# Visual Studio 2008

Project("{53CAC7C8-8164-93CE-AD6C-39307FE286C5}") = "UPEUnityIO", "Assembly-CSharp-firstpass.csproj", "{5589DF9F-577E-5A5E-F18B-03812FA68215}"
EndProject
Project("{53CAC7C8-8164-93CE-AD6C-39307FE286C5}") = "UPEUnityIO", "Assembly-CSharp.csproj", "{6915CB2C-B424-24D4-8721-0E7364CF6089}"
EndProject
Project("{53CAC7C8-8164-93CE-AD6C-39307FE286C5}") = "UPEUnityIO", "Assembly-CSharp-Editor.csproj", "{7C608930-B819-3503-7320-251D5E1E6401}"
EndProject
Global
	GlobalSection(SolutionConfigurationPlatforms) = preSolution
		Debug|Any CPU = Debug|Any CPU
		Release|Any CPU = Release|Any CPU
	EndGlobalSection
	GlobalSection(ProjectConfigurationPlatforms) = postSolution
		{5589DF9F-577E-5A5E-F18B-03812FA68215}.Debug|Any CPU.ActiveCfg = Debug|Any CPU
		{5589DF9F-577E-5A5E-F18B-03812FA68215}.Debug|Any CPU.Build.0 = Debug|Any CPU
		{5589DF9F-577E-5A5E-F18B-03812FA68215}.Release|Any CPU.ActiveCfg = Release|Any CPU
		{5589DF9F-577E-5A5E-F18B-03812FA68215}.Release|Any CPU.Build.0 = Release|Any CPU
		{6915CB2C-B424-24D4-8721-0E7364CF6089}.Debug|Any CPU.ActiveCfg = Debug|Any CPU
		{6915CB2C-B424-24D4-8721-0E7364CF6089}.Debug|Any CPU.Build.0 = Debug|Any CPU
		{6915CB2C-B424-24D4-8721-0E7364CF6089}.Release|Any CPU.ActiveCfg = Release|Any CPU
		{6915CB2C-B424-24D4-8721-0E7364CF6089}.Release|Any CPU.Build.0 = Release|Any CPU
		{7C608930-B819-3503-7320-251D5E1E6401}.Debug|Any CPU.ActiveCfg = Debug|Any CPU
		{7C608930-B819-3503-7320-251D5E1E6401}.Debug|Any CPU.Build.0 = Debug|Any CPU
		{7C608930-B819-3503-7320-251D5E1E6401}.Release|Any CPU.ActiveCfg = Release|Any CPU
		{7C608930-B819-3503-7320-251D5E1E6401}.Release|Any CPU.Build.0 = Release|Any CPU
	EndGlobalSection
	GlobalSection(SolutionProperties) = preSolution
		HideSolutionNode = FALSE
	EndGlobalSection
	GlobalSection(MonoDevelopProperties) = preSolution
		StartupItem = Assembly-CSharp.csproj
	EndGlobalSection
EndGlobal
