
Microsoft Visual Studio Solution File, Format Version 12.00
# Visual Studio 2015
Project("{FAE04EC0-301F-11D3-BF4B-00C04F79EFBC}") = "UPEUnityIO.CSharp.Plugins", "UPEUnityIO.CSharp.Plugins.csproj", "{79D83D03-E1C6-4EDA-7FB8-1D1D84E48503}"
EndProject
Project("{FAE04EC0-301F-11D3-BF4B-00C04F79EFBC}") = "UPEUnityIO.CSharp", "UPEUnityIO.CSharp.csproj", "{E8165C8A-9575-84BF-9677-A1387595FDFC}"
EndProject
Project("{FAE04EC0-301F-11D3-BF4B-00C04F79EFBC}") = "UPEUnityIO.CSharp.Editor", "UPEUnityIO.CSharp.Editor.csproj", "{EFA71E18-3806-A7C1-4C42-688181677A52}"
EndProject
Global
	GlobalSection(SolutionConfigurationPlatforms) = preSolution
		Debug|Any CPU = Debug|Any CPU
		Release|Any CPU = Release|Any CPU
	EndGlobalSection
	GlobalSection(ProjectConfigurationPlatforms) = postSolution
		{79D83D03-E1C6-4EDA-7FB8-1D1D84E48503}.Debug|Any CPU.ActiveCfg = Debug|Any CPU
		{79D83D03-E1C6-4EDA-7FB8-1D1D84E48503}.Debug|Any CPU.Build.0 = Debug|Any CPU
		{79D83D03-E1C6-4EDA-7FB8-1D1D84E48503}.Release|Any CPU.ActiveCfg = Release|Any CPU
		{79D83D03-E1C6-4EDA-7FB8-1D1D84E48503}.Release|Any CPU.Build.0 = Release|Any CPU
		{E8165C8A-9575-84BF-9677-A1387595FDFC}.Debug|Any CPU.ActiveCfg = Debug|Any CPU
		{E8165C8A-9575-84BF-9677-A1387595FDFC}.Debug|Any CPU.Build.0 = Debug|Any CPU
		{E8165C8A-9575-84BF-9677-A1387595FDFC}.Release|Any CPU.ActiveCfg = Release|Any CPU
		{E8165C8A-9575-84BF-9677-A1387595FDFC}.Release|Any CPU.Build.0 = Release|Any CPU
		{EFA71E18-3806-A7C1-4C42-688181677A52}.Debug|Any CPU.ActiveCfg = Debug|Any CPU
		{EFA71E18-3806-A7C1-4C42-688181677A52}.Debug|Any CPU.Build.0 = Debug|Any CPU
		{EFA71E18-3806-A7C1-4C42-688181677A52}.Release|Any CPU.ActiveCfg = Release|Any CPU
		{EFA71E18-3806-A7C1-4C42-688181677A52}.Release|Any CPU.Build.0 = Release|Any CPU
	EndGlobalSection
	GlobalSection(SolutionProperties) = preSolution
		HideSolutionNode = FALSE
	EndGlobalSection
EndGlobal
